
Microsoft Visual Studio Solution File, Format Version 12.00
# Visual Studio Version 17
VisualStudioVersion = 17.9.34728.123
MinimumVisualStudioVersion = 10.0.40219.1
Project("{FAE04EC0-301F-11D3-BF4B-00C04F79EFBC}") = "WebApplication1", "WebApplication1.csproj", "{35CB286F-6462-4EF9-8464-0EAC30D49147}"
EndProject
Global
	GlobalSection(SolutionConfigurationPlatforms) = preSolution
		Debug|Any CPU = Debug|Any CPU
		Release|Any CPU = Release|Any CPU
	EndGlobalSection
	GlobalSection(ProjectConfigurationPlatforms) = postSolution
		{35CB286F-6462-4EF9-8464-0EAC30D49147}.Debug|Any CPU.ActiveCfg = Debug|Any CPU
		{35CB286F-6462-4EF9-8464-0EAC30D49147}.Debug|Any CPU.Build.0 = Debug|Any CPU
		{35CB286F-6462-4EF9-8464-0EAC30D49147}.Release|Any CPU.ActiveCfg = Release|Any CPU
		{35CB286F-6462-4EF9-8464-0EAC30D49147}.Release|Any CPU.Build.0 = Release|Any CPU
	EndGlobalSection
	GlobalSection(SolutionProperties) = preSolution
		HideSolutionNode = FALSE
	EndGlobalSection
	GlobalSection(ExtensibilityGlobals) = postSolution
		SolutionGuid = {E9A35B17-BC73-4248-8944-97E419F28407}
	EndGlobalSection
EndGlobal
